# This file is generated by running "yarn install" inside your project.
# Manual changes might be lost - proceed with caution!

__metadata:
  version: 6
  cacheKey: 8

"@discordeno/rest@npm:19.0.0-next.024fbe3":
  version: 19.0.0-next.024fbe3
  resolution: "@discordeno/rest@npm:19.0.0-next.024fbe3"
  dependencies:
    "@discordeno/types": 19.0.0-next.024fbe3
    "@discordeno/utils": 19.0.0-next.024fbe3
    dotenv: ^16.0.3
  checksum: 561a48585dfaaf9a4be3553242f76b4df7feeb9a5d6f251b8762106fd7cbb35976934021cb03f543b347d3f93202bec95329ae0ae1e20556d878103ae4a0c95c
  languageName: node
  linkType: hard

"@discordeno/types@npm:19.0.0-next.024fbe3":
  version: 19.0.0-next.024fbe3
  resolution: "@discordeno/types@npm:19.0.0-next.024fbe3"
  dependencies:
    "@types/node": ^18.11.9
  checksum: a77bdaece045656199caae3d22148809dc44d2803ac9b1da53cc2653fc6e8376e1ce4d0e36b71f071ab675fd17b7b488f1f7ed29f1e64bdaad9464eeda10efa6
  languageName: node
  linkType: hard

"@discordeno/utils@npm:19.0.0-next.024fbe3":
  version: 19.0.0-next.024fbe3
  resolution: "@discordeno/utils@npm:19.0.0-next.024fbe3"
  dependencies:
    "@discordeno/types": 19.0.0-next.024fbe3
    tweetnacl: ^1.0.3
  checksum: 9dbf717ba06bfadb5a80556bab67c954f02ad9c951ea89563fad93f47860a0aff6c5aabe3dea029be88af6be663464af02c2fc8ccabaaf4b185db344af60521d
  languageName: node
  linkType: hard

"@types/node@npm:^18.11.9":
  version: 18.11.18
  resolution: "@types/node@npm:18.11.18"
  checksum: 03f17f9480f8d775c8a72da5ea7e9383db5f6d85aa5fefde90dd953a1449bd5e4ffde376f139da4f3744b4c83942166d2a7603969a6f8ea826edfb16e6e3b49d
  languageName: node
  linkType: hard

"dotenv@npm:^16.0.3":
  version: 16.0.3
  resolution: "dotenv@npm:16.0.3"
  checksum: afcf03f373d7a6d62c7e9afea6328e62851d627a4e73f2e12d0a8deae1cd375892004f3021883f8aec85932cd2834b091f568ced92b4774625b321db83b827f8
  languageName: node
  linkType: hard

"gamer-bot-dd@workspace:.":
  version: 0.0.0-use.local
  resolution: "gamer-bot-dd@workspace:."
  dependencies:
    "@discordeno/rest": 19.0.0-next.024fbe3
  languageName: unknown
  linkType: soft

"tweetnacl@npm:^1.0.3":
  version: 1.0.3
  resolution: "tweetnacl@npm:1.0.3"
  checksum: e4a57cac188f0c53f24c7a33279e223618a2bfb5fea426231991652a13247bea06b081fd745d71291fcae0f4428d29beba1b984b1f1ce6f66b06a6d1ab90645c
  languageName: node
  linkType: hard
