# This file is generated by running "yarn install" inside your project.
# Manual changes might be lost - proceed with caution!

__metadata:
  version: 6
  cacheKey: 8

"@discordeno/rest@npm:19.0.0-next.17df478":
  version: 19.0.0-next.17df478
  resolution: "@discordeno/rest@npm:19.0.0-next.17df478"
  dependencies:
    "@discordeno/types": 19.0.0-next.17df478
    "@discordeno/utils": 19.0.0-next.17df478
    dotenv: ^16.0.3
  checksum: 3fccad828912d70d851020732d18dc669dd942a4026b42609f4226e059021aaf1b94337c9cffcfa7d1a324890afbfcd9a871d32b421e7bb81faf3caf89852570
  languageName: node
  linkType: hard

"@discordeno/types@npm:19.0.0-next.17df478":
  version: 19.0.0-next.17df478
  resolution: "@discordeno/types@npm:19.0.0-next.17df478"
  dependencies:
    "@types/node": ^18.11.9
  checksum: 359b37f2781e26a171238ff405eccf4f1983615070f0cdbc4b9651c8905fabf79024ffed12a848f2c52770ee709c0fd6413ec8299f29d1d526344f7a108036de
  languageName: node
  linkType: hard

"@discordeno/utils@npm:19.0.0-next.17df478":
  version: 19.0.0-next.17df478
  resolution: "@discordeno/utils@npm:19.0.0-next.17df478"
  dependencies:
    "@discordeno/types": 19.0.0-next.17df478
    tweetnacl: ^1.0.3
  checksum: 15cd3abd179edc5f2670ae823e227bf533df808ddd1517bbae874c1d7609b6fef7f2864286cbbfb45466826ff3341a67cc434bc7d28c7339d249f7dab11a14bb
  languageName: node
  linkType: hard

"@types/node@npm:^18.11.9":
  version: 18.11.18
  resolution: "@types/node@npm:18.11.18"
  checksum: 03f17f9480f8d775c8a72da5ea7e9383db5f6d85aa5fefde90dd953a1449bd5e4ffde376f139da4f3744b4c83942166d2a7603969a6f8ea826edfb16e6e3b49d
  languageName: node
  linkType: hard

"dotenv@npm:^16.0.3":
  version: 16.0.3
  resolution: "dotenv@npm:16.0.3"
  checksum: afcf03f373d7a6d62c7e9afea6328e62851d627a4e73f2e12d0a8deae1cd375892004f3021883f8aec85932cd2834b091f568ced92b4774625b321db83b827f8
  languageName: node
  linkType: hard

"gamer-bot-dd@workspace:.":
  version: 0.0.0-use.local
  resolution: "gamer-bot-dd@workspace:."
  dependencies:
    "@discordeno/rest": 19.0.0-next.17df478
    typescript: ^4.9.4
  languageName: unknown
  linkType: soft

"tweetnacl@npm:^1.0.3":
  version: 1.0.3
  resolution: "tweetnacl@npm:1.0.3"
  checksum: e4a57cac188f0c53f24c7a33279e223618a2bfb5fea426231991652a13247bea06b081fd745d71291fcae0f4428d29beba1b984b1f1ce6f66b06a6d1ab90645c
  languageName: node
  linkType: hard

"typescript@npm:^4.9.4":
  version: 4.9.4
  resolution: "typescript@npm:4.9.4"
  bin:
    tsc: bin/tsc
    tsserver: bin/tsserver
  checksum: e782fb9e0031cb258a80000f6c13530288c6d63f1177ed43f770533fdc15740d271554cdae86701c1dd2c83b082cea808b07e97fd68b38a172a83dbf9e0d0ef9
  languageName: node
  linkType: hard

"typescript@patch:typescript@^4.9.4#~builtin<compat/typescript>":
  version: 4.9.4
  resolution: "typescript@patch:typescript@npm%3A4.9.4#~builtin<compat/typescript>::version=4.9.4&hash=ad5954"
  bin:
    tsc: bin/tsc
    tsserver: bin/tsserver
  checksum: 1caaea6cb7f813e64345190fddc4e6c924d0b698ab81189b503763c4a18f7f5501c69362979d36e19c042d89d936443e768a78b0675690b35eb663d19e0eae71
  languageName: node
  linkType: hard
